// !$*UTF8*$!
{
	archiveVersion = 1;
	classes = {
	};
	objectVersion = 50;
	objects = {

/* Begin PBXBuildFile section */
		D320AD4124DFA01600A8E406 /* AppDelegate.swift in Sources */ = {isa = PBXBuildFile; fileRef = D320AD4024DFA01600A8E406 /* AppDelegate.swift */; };
		D320AD4324DFA01600A8E406 /* SceneDelegate.swift in Sources */ = {isa = PBXBuildFile; fileRef = D320AD4224DFA01600A8E406 /* SceneDelegate.swift */; };
		D320AD4524DFA01600A8E406 /* ViewController.swift in Sources */ = {isa = PBXBuildFile; fileRef = D320AD4424DFA01600A8E406 /* ViewController.swift */; };
		D320AD4824DFA01600A8E406 /* Main.storyboard in Resources */ = {isa = PBXBuildFile; fileRef = D320AD4624DFA01600A8E406 /* Main.storyboard */; };
		D320AD4A24DFA01700A8E406 /* Assets.xcassets in Resources */ = {isa = PBXBuildFile; fileRef = D320AD4924DFA01700A8E406 /* Assets.xcassets */; };
		D320AD4D24DFA01700A8E406 /* LaunchScreen.storyboard in Resources */ = {isa = PBXBuildFile; fileRef = D320AD4B24DFA01700A8E406 /* LaunchScreen.storyboard */; };
/* End PBXBuildFile section */

/* Begin PBXFileReference section */
		D320AD3D24DFA01600A8E406 /* OAuth.app */ = {isa = PBXFileReference; explicitFileType = wrapper.application; includeInIndex = 0; path = OAuth.app; sourceTree = BUILT_PRODUCTS_DIR; };
		D320AD4024DFA01600A8E406 /* AppDelegate.swift */ = {isa = PBXFileReference; lastKnownFileType = sourcecode.swift; path = AppDelegate.swift; sourceTree = "<group>"; };
		D320AD4224DFA01600A8E406 /* SceneDelegate.swift */ = {isa = PBXFileReference; lastKnownFileType = sourcecode.swift; path = SceneDelegate.swift; sourceTree = "<group>"; };
		D320AD4424DFA01600A8E406 /* ViewController.swift */ = {isa = PBXFileReference; lastKnownFileType = sourcecode.swift; path = ViewController.swift; sourceTree = "<group>"; };
		D320AD4724DFA01600A8E406 /* Base */ = {isa = PBXFileReference; lastKnownFileType = file.storyboard; name = Base; path = Base.lproj/Main.storyboard; sourceTree = "<group>"; };
		D320AD4924DFA01700A8E406 /* Assets.xcassets */ = {isa = PBXFileReference; lastKnownFileType = folder.assetcatalog; path = Assets.xcassets; sourceTree = "<group>"; };
		D320AD4C24DFA01700A8E406 /* Base */ = {isa = PBXFileReference; lastKnownFileType = file.storyboard; name = Base; path = Base.lproj/LaunchScreen.storyboard; sourceTree = "<group>"; };
		D320AD4E24DFA01700A8E406 /* Info.plist */ = {isa = PBXFileReference; lastKnownFileType = text.plist.xml; path = Info.plist; sourceTree = "<group>"; };
/* End PBXFileReference section */

/* Begin PBXFrameworksBuildPhase section */
		D320AD3A24DFA01600A8E406 /* Frameworks */ = {
			isa = PBXFrameworksBuildPhase;
			buildActionMask = 2147483647;
			files = (
			);
			runOnlyForDeploymentPostprocessing = 0;
		};
/* End PBXFrameworksBuildPhase section */

/* Begin PBXGroup section */
		D320AD3424DFA01600A8E406 = {
			isa = PBXGroup;
			children = (
				D320AD3F24DFA01600A8E406 /* OAuth */,
				D320AD3E24DFA01600A8E406 /* Products */,
			);
			sourceTree = "<group>";
		};
		D320AD3E24DFA01600A8E406 /* Products */ = {
			isa = PBXGroup;
			children = (
				D320AD3D24DFA01600A8E406 /* OAuth.app */,
			);
			name = Products;
			sourceTree = "<group>";
		};
		D320AD3F24DFA01600A8E406 /* OAuth */ = {
			isa = PBXGroup;
			children = (
				D320AD4024DFA01600A8E406 /* AppDelegate.swift */,
				D320AD4224DFA01600A8E406 /* SceneDelegate.swift */,
				D320AD4424DFA01600A8E406 /* ViewController.swift */,
				D320AD4624DFA01600A8E406 /* Main.storyboard */,
				D320AD4924DFA01700A8E406 /* Assets.xcassets */,
				D320AD4B24DFA01700A8E406 /* LaunchScreen.storyboard */,
				D320AD4E24DFA01700A8E406 /* Info.plist */,
			);
			path = OAuth;
			sourceTree = "<group>";
		};
/* End PBXGroup section */

/* Begin PBXNativeTarget section */
		D320AD3C24DFA01600A8E406 /* OAuth */ = {
			isa = PBXNativeTarget;
			buildConfigurationList = D320AD5124DFA01700A8E406 /* Build configuration list for PBXNativeTarget "OAuth" */;
			buildPhases = (
				D320AD3924DFA01600A8E406 /* Sources */,
				D320AD3A24DFA01600A8E406 /* Frameworks */,
				D320AD3B24DFA01600A8E406 /* Resources */,
			);
			buildRules = (
			);
			dependencies = (
			);
			name = OAuth;
			productName = OAuth;
			productReference = D320AD3D24DFA01600A8E406 /* OAuth.app */;
			productType = "com.apple.product-type.application";
		};
/* End PBXNativeTarget section */

/* Begin PBXProject section */
		D320AD3524DFA01600A8E406 /* Project object */ = {
			isa = PBXProject;
			attributes = {
				LastSwiftUpdateCheck = 1160;
				LastUpgradeCheck = 1160;
				ORGANIZATIONNAME = "Ju Young Jung";
				TargetAttributes = {
					D320AD3C24DFA01600A8E406 = {
						CreatedOnToolsVersion = 11.6;
					};
				};
			};
			buildConfigurationList = D320AD3824DFA01600A8E406 /* Build configuration list for PBXProject "OAuth" */;
			compatibilityVersion = "Xcode 9.3";
			developmentRegion = en;
			hasScannedForEncodings = 0;
			knownRegions = (
				en,
				Base,
			);
			mainGroup = D320AD3424DFA01600A8E406;
			productRefGroup = D320AD3E24DFA01600A8E406 /* Products */;
			projectDirPath = "";
			projectRoot = "";
			targets = (
				D320AD3C24DFA01600A8E406 /* OAuth */,
			);
		};
/* End PBXProject section */

/* Begin PBXResourcesBuildPhase section */
		D320AD3B24DFA01600A8E406 /* Resources */ = {
			isa = PBXResourcesBuildPhase;
			buildActionMask = 2147483647;
			files = (
				D320AD4D24DFA01700A8E406 /* LaunchScreen.storyboard in Resources */,
				D320AD4A24DFA01700A8E406 /* Assets.xcassets in Resources */,
				D320AD4824DFA01600A8E406 /* Main.storyboard in Resources */,
			);
			runOnlyForDeploymentPostprocessing = 0;
		};
/* End PBXResourcesBuildPhase section */

/* Begin PBXSourcesBuildPhase section */
		D320AD3924DFA01600A8E406 /* Sources */ = {
			isa = PBXSourcesBuildPhase;
			buildActionMask = 2147483647;
			files = (
				D320AD4524DFA01600A8E406 /* ViewController.swift in Sources */,
				D320AD4124DFA01600A8E406 /* AppDelegate.swift in Sources */,
				D320AD4324DFA01600A8E406 /* SceneDelegate.swift in Sources */,
			);
			runOnlyForDeploymentPostprocessing = 0;
		};
/* End PBXSourcesBuildPhase section */

/* Begin PBXVariantGroup section */
		D320AD4624DFA01600A8E406 /* Main.storyboard */ = {
			isa = PBXVariantGroup;
			children = (
				D320AD4724DFA01600A8E406 /* Base */,
			);
			name = Main.storyboard;
			sourceTree = "<group>";
		};
		D320AD4B24DFA01700A8E406 /* LaunchScreen.storyboard */ = {
			isa = PBXVariantGroup;
			children = (
				D320AD4C24DFA01700A8E406 /* Base */,
			);
			name = LaunchScreen.storyboard;
			sourceTree = "<group>";
		};
/* End PBXVariantGroup section */

/* Begin XCBuildConfiguration section */
		D320AD4F24DFA01700A8E406 /* Debug */ = {
			isa = XCBuildConfiguration;
			buildSettings = {
				ALWAYS_SEARCH_USER_PATHS = NO;
				CLANG_ANALYZER_NONNULL = YES;
				CLANG_ANALYZER_NUMBER_OBJECT_CONVERSION = YES_AGGRESSIVE;
				CLANG_CXX_LANGUAGE_STANDARD = "gnu++14";
				CLANG_CXX_LIBRARY = "libc++";
				CLANG_ENABLE_MODULES = YES;
				CLANG_ENABLE_OBJC_ARC = YES;
				CLANG_ENABLE_OBJC_WEAK = YES;
				CLANG_WARN_BLOCK_CAPTURE_AUTORELEASING = YES;
				CLANG_WARN_BOOL_CONVERSION = YES;
				CLANG_WARN_COMMA = YES;
				CLANG_WARN_CONSTANT_CONVERSION = YES;
				CLANG_WARN_DEPRECATED_OBJC_IMPLEMENTATIONS = YES;
				CLANG_WARN_DIRECT_OBJC_ISA_USAGE = YES_ERROR;
				CLANG_WARN_DOCUMENTATION_COMMENTS = YES;
				CLANG_WARN_EMPTY_BODY = YES;
				CLANG_WARN_ENUM_CONVERSION = YES;
				CLANG_WARN_INFINITE_RECURSION = YES;
				CLANG_WARN_INT_CONVERSION = YES;
				CLANG_WARN_NON_LITERAL_NULL_CONVERSION = YES;
				CLANG_WARN_OBJC_IMPLICIT_RETAIN_SELF = YES;
				CLANG_WARN_OBJC_LITERAL_CONVERSION = YES;
				CLANG_WARN_OBJC_ROOT_CLASS = YES_ERROR;
				CLANG_WARN_RANGE_LOOP_ANALYSIS = YES;
				CLANG_WARN_STRICT_PROTOTYPES = YES;
				CLANG_WARN_SUSPICIOUS_MOVE = YES;
				CLANG_WARN_UNGUARDED_AVAILABILITY = YES_AGGRESSIVE;
				CLANG_WARN_UNREACHABLE_CODE = YES;
				CLANG_WARN__DUPLICATE_METHOD_MATCH = YES;
				COPY_PHASE_STRIP = NO;
				DEBUG_INFORMATION_FORMAT = dwarf;
				ENABLE_STRICT_OBJC_MSGSEND = YES;
				ENABLE_TESTABILITY = YES;
				GCC_C_LANGUAGE_STANDARD = gnu11;
				GCC_DYNAMIC_NO_PIC = NO;
				GCC_NO_COMMON_BLOCKS = YES;
				GCC_OPTIMIZATION_LEVEL = 0;
				GCC_PREPROCESSOR_DEFINITIONS = (
					"DEBUG=1",
					"$(inherited)",
				);
				GCC_WARN_64_TO_32_BIT_CONVERSION = YES;
				GCC_WARN_ABOUT_RETURN_TYPE = YES_ERROR;
				GCC_WARN_UNDECLARED_SELECTOR = YES;
				GCC_WARN_UNINITIALIZED_AUTOS = YES_AGGRESSIVE;
				GCC_WARN_UNUSED_FUNCTION = YES;
				GCC_WARN_UNUSED_VARIABLE = YES;
				IPHONEOS_DEPLOYMENT_TARGET = 13.6;
				MTL_ENABLE_DEBUG_INFO = INCLUDE_SOURCE;
				MTL_FAST_MATH = YES;
				ONLY_ACTIVE_ARCH = YES;
				SDKROOT = iphoneos;
				SWIFT_ACTIVE_COMPILATION_CONDITIONS = DEBUG;
				SWIFT_OPTIMIZATION_LEVEL = "-Onone";
			};
			name = Debug;
		};
		D320AD5024DFA01700A8E406 /* Release */ = {
			isa = XCBuildConfiguration;
			buildSettings = {
				ALWAYS_SEARCH_USER_PATHS = NO;
				CLANG_ANALYZER_NONNULL = YES;
				CLANG_ANALYZER_NUMBER_OBJECT_CONVERSION = YES_AGGRESSIVE;
				CLANG_CXX_LANGUAGE_STANDARD = "gnu++14";
				CLANG_CXX_LIBRARY = "libc++";
				CLANG_ENABLE_MODULES = YES;
				CLANG_ENABLE_OBJC_ARC = YES;
				CLANG_ENABLE_OBJC_WEAK = YES;
				CLANG_WARN_BLOCK_CAPTURE_AUTORELEASING = YES;
				CLANG_WARN_BOOL_CONVERSION = YES;
				CLANG_WARN_COMMA = YES;
				CLANG_WARN_CONSTANT_CONVERSION = YES;
				CLANG_WARN_DEPRECATED_OBJC_IMPLEMENTATIONS = YES;
				CLANG_WARN_DIRECT_OBJC_ISA_USAGE = YES_ERROR;
				CLANG_WARN_DOCUMENTATION_COMMENTS = YES;
				CLANG_WARN_EMPTY_BODY = YES;
				CLANG_WARN_ENUM_CONVERSION = YES;
				CLANG_WARN_INFINITE_RECURSION = YES;
				CLANG_WARN_INT_CONVERSION = YES;
				CLANG_WARN_NON_LITERAL_NULL_CONVERSION = YES;
				CLANG_WARN_OBJC_IMPLICIT_RETAIN_SELF = YES;
				CLANG_WARN_OBJC_LITERAL_CONVERSION = YES;
				CLANG_WARN_OBJC_ROOT_CLASS = YES_ERROR;
				CLANG_WARN_RANGE_LOOP_ANALYSIS = YES;
				CLANG_WARN_STRICT_PROTOTYPES = YES;
				CLANG_WARN_SUSPICIOUS_MOVE = YES;
				CLANG_WARN_UNGUARDED_AVAILABILITY = YES_AGGRESSIVE;
				CLANG_WARN_UNREACHABLE_CODE = YES;
				CLANG_WARN__DUPLICATE_METHOD_MATCH = YES;
				COPY_PHASE_STRIP = NO;
				DEBUG_INFORMATION_FORMAT = "dwarf-with-dsym";
				ENABLE_NS_ASSERTIONS = NO;
				ENABLE_STRICT_OBJC_MSGSEND = YES;
				GCC_C_LANGUAGE_STANDARD = gnu11;
				GCC_NO_COMMON_BLOCKS = YES;
				GCC_WARN_64_TO_32_BIT_CONVERSION = YES;
				GCC_WARN_ABOUT_RETURN_TYPE = YES_ERROR;
				GCC_WARN_UNDECLARED_SELECTOR = YES;
				GCC_WARN_UNINITIALIZED_AUTOS = YES_AGGRESSIVE;
				GCC_WARN_UNUSED_FUNCTION = YES;
				GCC_WARN_UNUSED_VARIABLE = YES;
				IPHONEOS_DEPLOYMENT_TARGET = 13.6;
				MTL_ENABLE_DEBUG_INFO = NO;
				MTL_FAST_MATH = YES;
				SDKROOT = iphoneos;
				SWIFT_COMPILATION_MODE = wholemodule;
				SWIFT_OPTIMIZATION_LEVEL = "-O";
				VALIDATE_PRODUCT = YES;
			};
			name = Release;
		};
		D320AD5224DFA01700A8E406 /* Debug */ = {
			isa = XCBuildConfiguration;
			buildSettings = {
				ASSETCATALOG_COMPILER_APPICON_NAME = AppIcon;
				CODE_SIGN_STYLE = Automatic;
				DEVELOPMENT_TEAM = GLLF8U86V2;
				INFOPLIST_FILE = OAuth/Info.plist;
				LD_RUNPATH_SEARCH_PATHS = (
					"$(inherited)",
					"@executable_path/Frameworks",
				);
				PRODUCT_BUNDLE_IDENTIFIER = com.idev0.OAuth;
				PRODUCT_NAME = "$(TARGET_NAME)";
				SWIFT_VERSION = 5.0;
				TARGETED_DEVICE_FAMILY = "1,2";
			};
			name = Debug;
		};
		D320AD5324DFA01700A8E406 /* Release */ = {
			isa = XCBuildConfiguration;
			buildSettings = {
				ASSETCATALOG_COMPILER_APPICON_NAME = AppIcon;
				CODE_SIGN_STYLE = Automatic;
				DEVELOPMENT_TEAM = GLLF8U86V2;
				INFOPLIST_FILE = OAuth/Info.plist;
				LD_RUNPATH_SEARCH_PATHS = (
					"$(inherited)",
					"@executable_path/Frameworks",
				);
				PRODUCT_BUNDLE_IDENTIFIER = com.idev0.OAuth;
				PRODUCT_NAME = "$(TARGET_NAME)";
				SWIFT_VERSION = 5.0;
				TARGETED_DEVICE_FAMILY = "1,2";
			};
			name = Release;
		};
/* End XCBuildConfiguration section */

/* Begin XCConfigurationList section */
		D320AD3824DFA01600A8E406 /* Build configuration list for PBXProject "OAuth" */ = {
			isa = XCConfigurationList;
			buildConfigurations = (
				D320AD4F24DFA01700A8E406 /* Debug */,
				D320AD5024DFA01700A8E406 /* Release */,
			);
			defaultConfigurationIsVisible = 0;
			defaultConfigurationName = Release;
		};
		D320AD5124DFA01700A8E406 /* Build configuration list for PBXNativeTarget "OAuth" */ = {
			isa = XCConfigurationList;
			buildConfigurations = (
				D320AD5224DFA01700A8E406 /* Debug */,
				D320AD5324DFA01700A8E406 /* Release */,
			);
			defaultConfigurationIsVisible = 0;
			defaultConfigurationName = Release;
		};
/* End XCConfigurationList section */
	};
	rootObject = D320AD3524DFA01600A8E406 /* Project object */;
}
